
Microsoft Visual Studio Solution File, Format Version 12.00
# Visual Studio 15
VisualStudioVersion = 15.0.28307.271
MinimumVisualStudioVersion = 10.0.40219.1
Project("{9A19103F-16F7-4668-BE54-9A1E7A4F7556}") = "ServiceA", "ServiceA\ServiceA.csproj", "{D2F55717-48C0-4C5F-A84C-22AE4BC48D62}"
EndProject
Project("{9A19103F-16F7-4668-BE54-9A1E7A4F7556}") = "ServiceB", "ServiceB\ServiceB.csproj", "{AB67CCB8-3C65-4A87-9B4E-8227B5B0886C}"
EndProject
Project("{FAE04EC0-301F-11D3-BF4B-00C04F79EFBC}") = "NUnitTests", "NUnitTests\NUnitTests.csproj", "{CD570DCD-D0DF-4A65-A5C6-533534C5BB02}"
EndProject
Global
	GlobalSection(SolutionConfigurationPlatforms) = preSolution
		Debug|Any CPU = Debug|Any CPU
		Release|Any CPU = Release|Any CPU
	EndGlobalSection
	GlobalSection(ProjectConfigurationPlatforms) = postSolution
		{D2F55717-48C0-4C5F-A84C-22AE4BC48D62}.Debug|Any CPU.ActiveCfg = Debug|Any CPU
		{D2F55717-48C0-4C5F-A84C-22AE4BC48D62}.Debug|Any CPU.Build.0 = Debug|Any CPU
		{D2F55717-48C0-4C5F-A84C-22AE4BC48D62}.Release|Any CPU.ActiveCfg = Release|Any CPU
		{D2F55717-48C0-4C5F-A84C-22AE4BC48D62}.Release|Any CPU.Build.0 = Release|Any CPU
		{AB67CCB8-3C65-4A87-9B4E-8227B5B0886C}.Debug|Any CPU.ActiveCfg = Debug|Any CPU
		{AB67CCB8-3C65-4A87-9B4E-8227B5B0886C}.Debug|Any CPU.Build.0 = Debug|Any CPU
		{AB67CCB8-3C65-4A87-9B4E-8227B5B0886C}.Release|Any CPU.ActiveCfg = Release|Any CPU
		{AB67CCB8-3C65-4A87-9B4E-8227B5B0886C}.Release|Any CPU.Build.0 = Release|Any CPU
		{CD570DCD-D0DF-4A65-A5C6-533534C5BB02}.Debug|Any CPU.ActiveCfg = Debug|Any CPU
		{CD570DCD-D0DF-4A65-A5C6-533534C5BB02}.Debug|Any CPU.Build.0 = Debug|Any CPU
		{CD570DCD-D0DF-4A65-A5C6-533534C5BB02}.Release|Any CPU.ActiveCfg = Release|Any CPU
		{CD570DCD-D0DF-4A65-A5C6-533534C5BB02}.Release|Any CPU.Build.0 = Release|Any CPU
	EndGlobalSection
	GlobalSection(SolutionProperties) = preSolution
		HideSolutionNode = FALSE
	EndGlobalSection
	GlobalSection(ExtensibilityGlobals) = postSolution
		SolutionGuid = {0ED22862-6309-48E0-8E4A-8EC45B23465B}
	EndGlobalSection
EndGlobal
